
Microsoft Visual Studio Solution File, Format Version 12.00
# Visual Studio Version 17
VisualStudioVersion = 17.1.32414.318
MinimumVisualStudioVersion = 10.0.40219.1
Project("{FAE04EC0-301F-11D3-BF4B-00C04F79EFBC}") = "Internship2022CsharpForStudents", "Internship2022CsharpForStudents\Internship2022CsharpForStudents.csproj", "{3CB94BA6-D000-4FCC-9110-6FC97C17FCFB}"
EndProject
Global
	GlobalSection(SolutionConfigurationPlatforms) = preSolution
		Debug|Any CPU = Debug|Any CPU
		Release|Any CPU = Release|Any CPU
	EndGlobalSection
	GlobalSection(ProjectConfigurationPlatforms) = postSolution
		{3CB94BA6-D000-4FCC-9110-6FC97C17FCFB}.Debug|Any CPU.ActiveCfg = Debug|Any CPU
		{3CB94BA6-D000-4FCC-9110-6FC97C17FCFB}.Debug|Any CPU.Build.0 = Debug|Any CPU
		{3CB94BA6-D000-4FCC-9110-6FC97C17FCFB}.Release|Any CPU.ActiveCfg = Release|Any CPU
		{3CB94BA6-D000-4FCC-9110-6FC97C17FCFB}.Release|Any CPU.Build.0 = Release|Any CPU
	EndGlobalSection
	GlobalSection(SolutionProperties) = preSolution
		HideSolutionNode = FALSE
	EndGlobalSection
	GlobalSection(ExtensibilityGlobals) = postSolution
		SolutionGuid = {1F01E604-616F-4E52-B201-06D551077603}
	EndGlobalSection
EndGlobal
